// !$*UTF8*$!
{
	archiveVersion = 1;
	classes = {
	};
	objectVersion = 46;
	objects = {

/* Begin PBXBuildFile section */
		E39EFB3D1CF444DFA03BC4BE /* libPods.a in Frameworks */ = {isa = PBXBuildFile; fileRef = 680AA98265EF43AF9D33E9BD /* libPods.a */; };
		FF93645C18B9F72C00ED7F77 /* Foundation.framework in Frameworks */ = {isa = PBXBuildFile; fileRef = FF93645B18B9F72C00ED7F77 /* Foundation.framework */; };
		FF93645E18B9F72C00ED7F77 /* CoreGraphics.framework in Frameworks */ = {isa = PBXBuildFile; fileRef = FF93645D18B9F72C00ED7F77 /* CoreGraphics.framework */; };
		FF93646018B9F72D00ED7F77 /* UIKit.framework in Frameworks */ = {isa = PBXBuildFile; fileRef = FF93645F18B9F72D00ED7F77 /* UIKit.framework */; };
		FF93646618B9F72D00ED7F77 /* InfoPlist.strings in Resources */ = {isa = PBXBuildFile; fileRef = FF93646418B9F72D00ED7F77 /* InfoPlist.strings */; };
		FF93646818B9F72D00ED7F77 /* main.m in Sources */ = {isa = PBXBuildFile; fileRef = FF93646718B9F72D00ED7F77 /* main.m */; };
		FF93646C18B9F72D00ED7F77 /* FJBAppDelegate.m in Sources */ = {isa = PBXBuildFile; fileRef = FF93646B18B9F72D00ED7F77 /* FJBAppDelegate.m */; };
		FF93646E18B9F72D00ED7F77 /* Images.xcassets in Resources */ = {isa = PBXBuildFile; fileRef = FF93646D18B9F72D00ED7F77 /* Images.xcassets */; };
		FF93647518B9F72D00ED7F77 /* XCTest.framework in Frameworks */ = {isa = PBXBuildFile; fileRef = FF93647418B9F72D00ED7F77 /* XCTest.framework */; };
		FF93647618B9F72D00ED7F77 /* Foundation.framework in Frameworks */ = {isa = PBXBuildFile; fileRef = FF93645B18B9F72C00ED7F77 /* Foundation.framework */; };
		FF93647718B9F72D00ED7F77 /* UIKit.framework in Frameworks */ = {isa = PBXBuildFile; fileRef = FF93645F18B9F72D00ED7F77 /* UIKit.framework */; };
		FF93647F18B9F72D00ED7F77 /* InfoPlist.strings in Resources */ = {isa = PBXBuildFile; fileRef = FF93647D18B9F72D00ED7F77 /* InfoPlist.strings */; };
		FF93648118B9F72D00ED7F77 /* FJBBlurViewTests.m in Sources */ = {isa = PBXBuildFile; fileRef = FF93648018B9F72D00ED7F77 /* FJBBlurViewTests.m */; };
		FF93648D18B9F76900ED7F77 /* FJBTestViewController.m in Sources */ = {isa = PBXBuildFile; fileRef = FF93648C18B9F76900ED7F77 /* FJBTestViewController.m */; };
		FF93649218B9F86400ED7F77 /* imagect.jpg in Resources */ = {isa = PBXBuildFile; fileRef = FF93649118B9F86400ED7F77 /* imagect.jpg */; };
		FFBF6BF418BA080A003E97D0 /* FJBBlurView.m in Sources */ = {isa = PBXBuildFile; fileRef = FFBF6BF318BA080A003E97D0 /* FJBBlurView.m */; };
		FFBF6BF818BA1681003E97D0 /* GPUImageGaussianBlurFilter+FJBBlur.m in Sources */ = {isa = PBXBuildFile; fileRef = FFBF6BF718BA1681003E97D0 /* GPUImageGaussianBlurFilter+FJBBlur.m */; };
		FFBF6BFB18BA1716003E97D0 /* GPUImageiOSBlurFilter+FJBBlur.m in Sources */ = {isa = PBXBuildFile; fileRef = FFBF6BFA18BA1716003E97D0 /* GPUImageiOSBlurFilter+FJBBlur.m */; };
		FFBF6BFE18BA2E1B003E97D0 /* UIView+FJBBlur.m in Sources */ = {isa = PBXBuildFile; fileRef = FFBF6BFD18BA2E1B003E97D0 /* UIView+FJBBlur.m */; };
		FFBF6C0018BA3FD6003E97D0 /* bg1.jpg in Resources */ = {isa = PBXBuildFile; fileRef = FFBF6BFF18BA3FD5003E97D0 /* bg1.jpg */; };
		FFBF6C0218BA42BD003E97D0 /* nature.jpg in Resources */ = {isa = PBXBuildFile; fileRef = FFBF6C0118BA42BD003E97D0 /* nature.jpg */; };
/* End PBXBuildFile section */

/* Begin PBXContainerItemProxy section */
		FF93647818B9F72D00ED7F77 /* PBXContainerItemProxy */ = {
			isa = PBXContainerItemProxy;
			containerPortal = FF93645018B9F72C00ED7F77 /* Project object */;
			proxyType = 1;
			remoteGlobalIDString = FF93645718B9F72C00ED7F77;
			remoteInfo = FJBBlurView;
		};
/* End PBXContainerItemProxy section */

/* Begin PBXFileReference section */
		0AF9A99CCB3949F6B811D49F /* Pods.xcconfig */ = {isa = PBXFileReference; includeInIndex = 1; lastKnownFileType = text.xcconfig; name = Pods.xcconfig; path = Pods/Pods.xcconfig; sourceTree = "<group>"; };
		680AA98265EF43AF9D33E9BD /* libPods.a */ = {isa = PBXFileReference; explicitFileType = archive.ar; includeInIndex = 0; path = libPods.a; sourceTree = BUILT_PRODUCTS_DIR; };
		FF93645818B9F72C00ED7F77 /* FJBBlurView.app */ = {isa = PBXFileReference; explicitFileType = wrapper.application; includeInIndex = 0; path = FJBBlurView.app; sourceTree = BUILT_PRODUCTS_DIR; };
		FF93645B18B9F72C00ED7F77 /* Foundation.framework */ = {isa = PBXFileReference; lastKnownFileType = wrapper.framework; name = Foundation.framework; path = System/Library/Frameworks/Foundation.framework; sourceTree = SDKROOT; };
		FF93645D18B9F72C00ED7F77 /* CoreGraphics.framework */ = {isa = PBXFileReference; lastKnownFileType = wrapper.framework; name = CoreGraphics.framework; path = System/Library/Frameworks/CoreGraphics.framework; sourceTree = SDKROOT; };
		FF93645F18B9F72D00ED7F77 /* UIKit.framework */ = {isa = PBXFileReference; lastKnownFileType = wrapper.framework; name = UIKit.framework; path = System/Library/Frameworks/UIKit.framework; sourceTree = SDKROOT; };
		FF93646318B9F72D00ED7F77 /* FJBBlurView-Info.plist */ = {isa = PBXFileReference; lastKnownFileType = text.plist.xml; path = "FJBBlurView-Info.plist"; sourceTree = "<group>"; };
		FF93646518B9F72D00ED7F77 /* en */ = {isa = PBXFileReference; lastKnownFileType = text.plist.strings; name = en; path = en.lproj/InfoPlist.strings; sourceTree = "<group>"; };
		FF93646718B9F72D00ED7F77 /* main.m */ = {isa = PBXFileReference; lastKnownFileType = sourcecode.c.objc; path = main.m; sourceTree = "<group>"; };
		FF93646918B9F72D00ED7F77 /* FJBBlurView-Prefix.pch */ = {isa = PBXFileReference; lastKnownFileType = sourcecode.c.h; path = "FJBBlurView-Prefix.pch"; sourceTree = "<group>"; };
		FF93646A18B9F72D00ED7F77 /* FJBAppDelegate.h */ = {isa = PBXFileReference; lastKnownFileType = sourcecode.c.h; path = FJBAppDelegate.h; sourceTree = "<group>"; };
		FF93646B18B9F72D00ED7F77 /* FJBAppDelegate.m */ = {isa = PBXFileReference; lastKnownFileType = sourcecode.c.objc; path = FJBAppDelegate.m; sourceTree = "<group>"; };
		FF93646D18B9F72D00ED7F77 /* Images.xcassets */ = {isa = PBXFileReference; lastKnownFileType = folder.assetcatalog; path = Images.xcassets; sourceTree = "<group>"; };
		FF93647318B9F72D00ED7F77 /* FJBBlurViewTests.xctest */ = {isa = PBXFileReference; explicitFileType = wrapper.cfbundle; includeInIndex = 0; path = FJBBlurViewTests.xctest; sourceTree = BUILT_PRODUCTS_DIR; };
		FF93647418B9F72D00ED7F77 /* XCTest.framework */ = {isa = PBXFileReference; lastKnownFileType = wrapper.framework; name = XCTest.framework; path = Library/Frameworks/XCTest.framework; sourceTree = DEVELOPER_DIR; };
		FF93647C18B9F72D00ED7F77 /* FJBBlurViewTests-Info.plist */ = {isa = PBXFileReference; lastKnownFileType = text.plist.xml; path = "FJBBlurViewTests-Info.plist"; sourceTree = "<group>"; };
		FF93647E18B9F72D00ED7F77 /* en */ = {isa = PBXFileReference; lastKnownFileType = text.plist.strings; name = en; path = en.lproj/InfoPlist.strings; sourceTree = "<group>"; };
		FF93648018B9F72D00ED7F77 /* FJBBlurViewTests.m */ = {isa = PBXFileReference; lastKnownFileType = sourcecode.c.objc; path = FJBBlurViewTests.m; sourceTree = "<group>"; };
		FF93648B18B9F76900ED7F77 /* FJBTestViewController.h */ = {isa = PBXFileReference; fileEncoding = 4; lastKnownFileType = sourcecode.c.h; path = FJBTestViewController.h; sourceTree = "<group>"; };
		FF93648C18B9F76900ED7F77 /* FJBTestViewController.m */ = {isa = PBXFileReference; fileEncoding = 4; lastKnownFileType = sourcecode.c.objc; path = FJBTestViewController.m; sourceTree = "<group>"; };
		FF93649118B9F86400ED7F77 /* imagect.jpg */ = {isa = PBXFileReference; lastKnownFileType = image.jpeg; name = imagect.jpg; path = Resources/imagect.jpg; sourceTree = "<group>"; };
		FFBF6BF218BA080A003E97D0 /* FJBBlurView.h */ = {isa = PBXFileReference; fileEncoding = 4; lastKnownFileType = sourcecode.c.h; name = FJBBlurView.h; path = src/FJBBlurView.h; sourceTree = "<group>"; };
		FFBF6BF318BA080A003E97D0 /* FJBBlurView.m */ = {isa = PBXFileReference; fileEncoding = 4; lastKnownFileType = sourcecode.c.objc; name = FJBBlurView.m; path = src/FJBBlurView.m; sourceTree = "<group>"; };
		FFBF6BF518BA163F003E97D0 /* FJBBlurProtocol.h */ = {isa = PBXFileReference; fileEncoding = 4; lastKnownFileType = sourcecode.c.h; name = FJBBlurProtocol.h; path = src/FJBBlurProtocol.h; sourceTree = "<group>"; };
		FFBF6BF618BA1681003E97D0 /* GPUImageGaussianBlurFilter+FJBBlur.h */ = {isa = PBXFileReference; fileEncoding = 4; lastKnownFileType = sourcecode.c.h; name = "GPUImageGaussianBlurFilter+FJBBlur.h"; path = "src/GPUImageGaussianBlurFilter+FJBBlur.h"; sourceTree = "<group>"; };
		FFBF6BF718BA1681003E97D0 /* GPUImageGaussianBlurFilter+FJBBlur.m */ = {isa = PBXFileReference; fileEncoding = 4; lastKnownFileType = sourcecode.c.objc; name = "GPUImageGaussianBlurFilter+FJBBlur.m"; path = "src/GPUImageGaussianBlurFilter+FJBBlur.m"; sourceTree = "<group>"; };
		FFBF6BF918BA1716003E97D0 /* GPUImageiOSBlurFilter+FJBBlur.h */ = {isa = PBXFileReference; fileEncoding = 4; lastKnownFileType = sourcecode.c.h; name = "GPUImageiOSBlurFilter+FJBBlur.h"; path = "src/GPUImageiOSBlurFilter+FJBBlur.h"; sourceTree = "<group>"; };
		FFBF6BFA18BA1716003E97D0 /* GPUImageiOSBlurFilter+FJBBlur.m */ = {isa = PBXFileReference; fileEncoding = 4; lastKnownFileType = sourcecode.c.objc; name = "GPUImageiOSBlurFilter+FJBBlur.m"; path = "src/GPUImageiOSBlurFilter+FJBBlur.m"; sourceTree = "<group>"; };
		FFBF6BFC18BA2E1B003E97D0 /* UIView+FJBBlur.h */ = {isa = PBXFileReference; fileEncoding = 4; lastKnownFileType = sourcecode.c.h; name = "UIView+FJBBlur.h"; path = "src/UIView+FJBBlur.h"; sourceTree = "<group>"; };
		FFBF6BFD18BA2E1B003E97D0 /* UIView+FJBBlur.m */ = {isa = PBXFileReference; fileEncoding = 4; lastKnownFileType = sourcecode.c.objc; name = "UIView+FJBBlur.m"; path = "src/UIView+FJBBlur.m"; sourceTree = "<group>"; };
		FFBF6BFF18BA3FD5003E97D0 /* bg1.jpg */ = {isa = PBXFileReference; lastKnownFileType = image.jpeg; path = bg1.jpg; sourceTree = "<group>"; };
		FFBF6C0118BA42BD003E97D0 /* nature.jpg */ = {isa = PBXFileReference; lastKnownFileType = image.jpeg; path = nature.jpg; sourceTree = "<group>"; };
/* End PBXFileReference section */

/* Begin PBXFrameworksBuildPhase section */
		FF93645518B9F72C00ED7F77 /* Frameworks */ = {
			isa = PBXFrameworksBuildPhase;
			buildActionMask = 2147483647;
			files = (
				FF93645E18B9F72C00ED7F77 /* CoreGraphics.framework in Frameworks */,
				FF93646018B9F72D00ED7F77 /* UIKit.framework in Frameworks */,
				FF93645C18B9F72C00ED7F77 /* Foundation.framework in Frameworks */,
				E39EFB3D1CF444DFA03BC4BE /* libPods.a in Frameworks */,
			);
			runOnlyForDeploymentPostprocessing = 0;
		};
		FF93647018B9F72D00ED7F77 /* Frameworks */ = {
			isa = PBXFrameworksBuildPhase;
			buildActionMask = 2147483647;
			files = (
				FF93647518B9F72D00ED7F77 /* XCTest.framework in Frameworks */,
				FF93647718B9F72D00ED7F77 /* UIKit.framework in Frameworks */,
				FF93647618B9F72D00ED7F77 /* Foundation.framework in Frameworks */,
			);
			runOnlyForDeploymentPostprocessing = 0;
		};
/* End PBXFrameworksBuildPhase section */

/* Begin PBXGroup section */
		FF93644F18B9F72C00ED7F77 = {
			isa = PBXGroup;
			children = (
				FF93646118B9F72D00ED7F77 /* FJBBlurView */,
				FF93647A18B9F72D00ED7F77 /* FJBBlurViewTests */,
				FF93645A18B9F72C00ED7F77 /* Frameworks */,
				FF93645918B9F72C00ED7F77 /* Products */,
				0AF9A99CCB3949F6B811D49F /* Pods.xcconfig */,
			);
			sourceTree = "<group>";
		};
		FF93645918B9F72C00ED7F77 /* Products */ = {
			isa = PBXGroup;
			children = (
				FF93645818B9F72C00ED7F77 /* FJBBlurView.app */,
				FF93647318B9F72D00ED7F77 /* FJBBlurViewTests.xctest */,
			);
			name = Products;
			sourceTree = "<group>";
		};
		FF93645A18B9F72C00ED7F77 /* Frameworks */ = {
			isa = PBXGroup;
			children = (
				FF93645B18B9F72C00ED7F77 /* Foundation.framework */,
				FF93645D18B9F72C00ED7F77 /* CoreGraphics.framework */,
				FF93645F18B9F72D00ED7F77 /* UIKit.framework */,
				FF93647418B9F72D00ED7F77 /* XCTest.framework */,
				680AA98265EF43AF9D33E9BD /* libPods.a */,
			);
			name = Frameworks;
			sourceTree = "<group>";
		};
		FF93646118B9F72D00ED7F77 /* FJBBlurView */ = {
			isa = PBXGroup;
			children = (
				FF93648A18B9F73E00ED7F77 /* src */,
				FF93646A18B9F72D00ED7F77 /* FJBAppDelegate.h */,
				FF93646B18B9F72D00ED7F77 /* FJBAppDelegate.m */,
				FF93648B18B9F76900ED7F77 /* FJBTestViewController.h */,
				FF93648C18B9F76900ED7F77 /* FJBTestViewController.m */,
				FF93646D18B9F72D00ED7F77 /* Images.xcassets */,
				FF93648E18B9F79E00ED7F77 /* Resources */,
				FF93646218B9F72D00ED7F77 /* Supporting Files */,
			);
			path = FJBBlurView;
			sourceTree = "<group>";
		};
		FF93646218B9F72D00ED7F77 /* Supporting Files */ = {
			isa = PBXGroup;
			children = (
				FF93646318B9F72D00ED7F77 /* FJBBlurView-Info.plist */,
				FF93646418B9F72D00ED7F77 /* InfoPlist.strings */,
				FF93646718B9F72D00ED7F77 /* main.m */,
				FF93646918B9F72D00ED7F77 /* FJBBlurView-Prefix.pch */,
			);
			name = "Supporting Files";
			sourceTree = "<group>";
		};
		FF93647A18B9F72D00ED7F77 /* FJBBlurViewTests */ = {
			isa = PBXGroup;
			children = (
				FF93648018B9F72D00ED7F77 /* FJBBlurViewTests.m */,
				FF93647B18B9F72D00ED7F77 /* Supporting Files */,
			);
			path = FJBBlurViewTests;
			sourceTree = "<group>";
		};
		FF93647B18B9F72D00ED7F77 /* Supporting Files */ = {
			isa = PBXGroup;
			children = (
				FF93647C18B9F72D00ED7F77 /* FJBBlurViewTests-Info.plist */,
				FF93647D18B9F72D00ED7F77 /* InfoPlist.strings */,
			);
			name = "Supporting Files";
			sourceTree = "<group>";
		};
		FF93648A18B9F73E00ED7F77 /* src */ = {
			isa = PBXGroup;
			children = (
				FFBF6BF218BA080A003E97D0 /* FJBBlurView.h */,
				FFBF6BF318BA080A003E97D0 /* FJBBlurView.m */,
				FFBF6BF518BA163F003E97D0 /* FJBBlurProtocol.h */,
				FFBF6BF618BA1681003E97D0 /* GPUImageGaussianBlurFilter+FJBBlur.h */,
				FFBF6BF718BA1681003E97D0 /* GPUImageGaussianBlurFilter+FJBBlur.m */,
				FFBF6BF918BA1716003E97D0 /* GPUImageiOSBlurFilter+FJBBlur.h */,
				FFBF6BFA18BA1716003E97D0 /* GPUImageiOSBlurFilter+FJBBlur.m */,
				FFBF6BFC18BA2E1B003E97D0 /* UIView+FJBBlur.h */,
				FFBF6BFD18BA2E1B003E97D0 /* UIView+FJBBlur.m */,
			);
			name = src;
			sourceTree = "<group>";
		};
		FF93648E18B9F79E00ED7F77 /* Resources */ = {
			isa = PBXGroup;
			children = (
				FFBF6C0118BA42BD003E97D0 /* nature.jpg */,
				FFBF6BFF18BA3FD5003E97D0 /* bg1.jpg */,
				FF93649118B9F86400ED7F77 /* imagect.jpg */,
			);
			name = Resources;
			sourceTree = "<group>";
		};
/* End PBXGroup section */

/* Begin PBXNativeTarget section */
		FF93645718B9F72C00ED7F77 /* FJBBlurView */ = {
			isa = PBXNativeTarget;
			buildConfigurationList = FF93648418B9F72D00ED7F77 /* Build configuration list for PBXNativeTarget "FJBBlurView" */;
			buildPhases = (
				A3897931A7AD4EDC99AF14EA /* Check Pods Manifest.lock */,
				FF93645418B9F72C00ED7F77 /* Sources */,
				FF93645518B9F72C00ED7F77 /* Frameworks */,
				FF93645618B9F72C00ED7F77 /* Resources */,
				4233E71FB7EF40078A09E4C9 /* Copy Pods Resources */,
			);
			buildRules = (
			);
			dependencies = (
			);
			name = FJBBlurView;
			productName = FJBBlurView;
			productReference = FF93645818B9F72C00ED7F77 /* FJBBlurView.app */;
			productType = "com.apple.product-type.application";
		};
		FF93647218B9F72D00ED7F77 /* FJBBlurViewTests */ = {
			isa = PBXNativeTarget;
			buildConfigurationList = FF93648718B9F72D00ED7F77 /* Build configuration list for PBXNativeTarget "FJBBlurViewTests" */;
			buildPhases = (
				FF93646F18B9F72D00ED7F77 /* Sources */,
				FF93647018B9F72D00ED7F77 /* Frameworks */,
				FF93647118B9F72D00ED7F77 /* Resources */,
			);
			buildRules = (
			);
			dependencies = (
				FF93647918B9F72D00ED7F77 /* PBXTargetDependency */,
			);
			name = FJBBlurViewTests;
			productName = FJBBlurViewTests;
			productReference = FF93647318B9F72D00ED7F77 /* FJBBlurViewTests.xctest */;
			productType = "com.apple.product-type.bundle.unit-test";
		};
/* End PBXNativeTarget section */

/* Begin PBXProject section */
		FF93645018B9F72C00ED7F77 /* Project object */ = {
			isa = PBXProject;
			attributes = {
				CLASSPREFIX = FJB;
				LastUpgradeCheck = 0500;
				ORGANIZATIONNAME = FJBelchi;
				TargetAttributes = {
					FF93647218B9F72D00ED7F77 = {
						TestTargetID = FF93645718B9F72C00ED7F77;
					};
				};
			};
			buildConfigurationList = FF93645318B9F72C00ED7F77 /* Build configuration list for PBXProject "FJBBlurView" */;
			compatibilityVersion = "Xcode 3.2";
			developmentRegion = English;
			hasScannedForEncodings = 0;
			knownRegions = (
				en,
			);
			mainGroup = FF93644F18B9F72C00ED7F77;
			productRefGroup = FF93645918B9F72C00ED7F77 /* Products */;
			projectDirPath = "";
			projectRoot = "";
			targets = (
				FF93645718B9F72C00ED7F77 /* FJBBlurView */,
				FF93647218B9F72D00ED7F77 /* FJBBlurViewTests */,
			);
		};
/* End PBXProject section */

/* Begin PBXResourcesBuildPhase section */
		FF93645618B9F72C00ED7F77 /* Resources */ = {
			isa = PBXResourcesBuildPhase;
			buildActionMask = 2147483647;
			files = (
				FFBF6C0218BA42BD003E97D0 /* nature.jpg in Resources */,
				FFBF6C0018BA3FD6003E97D0 /* bg1.jpg in Resources */,
				FF93646618B9F72D00ED7F77 /* InfoPlist.strings in Resources */,
				FF93646E18B9F72D00ED7F77 /* Images.xcassets in Resources */,
				FF93649218B9F86400ED7F77 /* imagect.jpg in Resources */,
			);
			runOnlyForDeploymentPostprocessing = 0;
		};
		FF93647118B9F72D00ED7F77 /* Resources */ = {
			isa = PBXResourcesBuildPhase;
			buildActionMask = 2147483647;
			files = (
				FF93647F18B9F72D00ED7F77 /* InfoPlist.strings in Resources */,
			);
			runOnlyForDeploymentPostprocessing = 0;
		};
/* End PBXResourcesBuildPhase section */

/* Begin PBXShellScriptBuildPhase section */
		4233E71FB7EF40078A09E4C9 /* Copy Pods Resources */ = {
			isa = PBXShellScriptBuildPhase;
			buildActionMask = 2147483647;
			files = (
			);
			inputPaths = (
			);
			name = "Copy Pods Resources";
			outputPaths = (
			);
			runOnlyForDeploymentPostprocessing = 0;
			shellPath = /bin/sh;
			shellScript = "\"${SRCROOT}/Pods/Pods-resources.sh\"\n";
			showEnvVarsInLog = 0;
		};
		A3897931A7AD4EDC99AF14EA /* Check Pods Manifest.lock */ = {
			isa = PBXShellScriptBuildPhase;
			buildActionMask = 2147483647;
			files = (
			);
			inputPaths = (
			);
			name = "Check Pods Manifest.lock";
			outputPaths = (
			);
			runOnlyForDeploymentPostprocessing = 0;
			shellPath = /bin/sh;
			shellScript = "diff \"${PODS_ROOT}/../Podfile.lock\" \"${PODS_ROOT}/Manifest.lock\" > /dev/null\nif [[ $? != 0 ]] ; then\n    cat << EOM\nerror: The sandbox is not in sync with the Podfile.lock. Run 'pod install' or update your CocoaPods installation.\nEOM\n    exit 1\nfi\n";
			showEnvVarsInLog = 0;
		};
/* End PBXShellScriptBuildPhase section */

/* Begin PBXSourcesBuildPhase section */
		FF93645418B9F72C00ED7F77 /* Sources */ = {
			isa = PBXSourcesBuildPhase;
			buildActionMask = 2147483647;
			files = (
				FFBF6BFE18BA2E1B003E97D0 /* UIView+FJBBlur.m in Sources */,
				FF93646818B9F72D00ED7F77 /* main.m in Sources */,
				FF93646C18B9F72D00ED7F77 /* FJBAppDelegate.m in Sources */,
				FFBF6BF818BA1681003E97D0 /* GPUImageGaussianBlurFilter+FJBBlur.m in Sources */,
				FFBF6BFB18BA1716003E97D0 /* GPUImageiOSBlurFilter+FJBBlur.m in Sources */,
				FF93648D18B9F76900ED7F77 /* FJBTestViewController.m in Sources */,
				FFBF6BF418BA080A003E97D0 /* FJBBlurView.m in Sources */,
			);
			runOnlyForDeploymentPostprocessing = 0;
		};
		FF93646F18B9F72D00ED7F77 /* Sources */ = {
			isa = PBXSourcesBuildPhase;
			buildActionMask = 2147483647;
			files = (
				FF93648118B9F72D00ED7F77 /* FJBBlurViewTests.m in Sources */,
			);
			runOnlyForDeploymentPostprocessing = 0;
		};
/* End PBXSourcesBuildPhase section */

/* Begin PBXTargetDependency section */
		FF93647918B9F72D00ED7F77 /* PBXTargetDependency */ = {
			isa = PBXTargetDependency;
			target = FF93645718B9F72C00ED7F77 /* FJBBlurView */;
			targetProxy = FF93647818B9F72D00ED7F77 /* PBXContainerItemProxy */;
		};
/* End PBXTargetDependency section */

/* Begin PBXVariantGroup section */
		FF93646418B9F72D00ED7F77 /* InfoPlist.strings */ = {
			isa = PBXVariantGroup;
			children = (
				FF93646518B9F72D00ED7F77 /* en */,
			);
			name = InfoPlist.strings;
			sourceTree = "<group>";
		};
		FF93647D18B9F72D00ED7F77 /* InfoPlist.strings */ = {
			isa = PBXVariantGroup;
			children = (
				FF93647E18B9F72D00ED7F77 /* en */,
			);
			name = InfoPlist.strings;
			sourceTree = "<group>";
		};
/* End PBXVariantGroup section */

/* Begin XCBuildConfiguration section */
		FF93648218B9F72D00ED7F77 /* Debug */ = {
			isa = XCBuildConfiguration;
			buildSettings = {
				ALWAYS_SEARCH_USER_PATHS = NO;
				ARCHS = "$(ARCHS_STANDARD_INCLUDING_64_BIT)";
				CLANG_CXX_LANGUAGE_STANDARD = "gnu++0x";
				CLANG_CXX_LIBRARY = "libc++";
				CLANG_ENABLE_MODULES = YES;
				CLANG_ENABLE_OBJC_ARC = YES;
				CLANG_WARN_BOOL_CONVERSION = YES;
				CLANG_WARN_CONSTANT_CONVERSION = YES;
				CLANG_WARN_DIRECT_OBJC_ISA_USAGE = YES_ERROR;
				CLANG_WARN_EMPTY_BODY = YES;
				CLANG_WARN_ENUM_CONVERSION = YES;
				CLANG_WARN_INT_CONVERSION = YES;
				CLANG_WARN_OBJC_ROOT_CLASS = YES_ERROR;
				CLANG_WARN__DUPLICATE_METHOD_MATCH = YES;
				"CODE_SIGN_IDENTITY[sdk=iphoneos*]" = "iPhone Developer";
				COPY_PHASE_STRIP = NO;
				GCC_C_LANGUAGE_STANDARD = gnu99;
				GCC_DYNAMIC_NO_PIC = NO;
				GCC_OPTIMIZATION_LEVEL = 0;
				GCC_PREPROCESSOR_DEFINITIONS = (
					"DEBUG=1",
					"$(inherited)",
				);
				GCC_SYMBOLS_PRIVATE_EXTERN = NO;
				GCC_WARN_64_TO_32_BIT_CONVERSION = YES;
				GCC_WARN_ABOUT_RETURN_TYPE = YES_ERROR;
				GCC_WARN_UNDECLARED_SELECTOR = YES;
				GCC_WARN_UNINITIALIZED_AUTOS = YES;
				GCC_WARN_UNUSED_FUNCTION = YES;
				GCC_WARN_UNUSED_VARIABLE = YES;
				IPHONEOS_DEPLOYMENT_TARGET = 7.0;
				ONLY_ACTIVE_ARCH = YES;
				SDKROOT = iphoneos;
				TARGETED_DEVICE_FAMILY = "1,2";
			};
			name = Debug;
		};
		FF93648318B9F72D00ED7F77 /* Release */ = {
			isa = XCBuildConfiguration;
			buildSettings = {
				ALWAYS_SEARCH_USER_PATHS = NO;
				ARCHS = "$(ARCHS_STANDARD_INCLUDING_64_BIT)";
				CLANG_CXX_LANGUAGE_STANDARD = "gnu++0x";
				CLANG_CXX_LIBRARY = "libc++";
				CLANG_ENABLE_MODULES = YES;
				CLANG_ENABLE_OBJC_ARC = YES;
				CLANG_WARN_BOOL_CONVERSION = YES;
				CLANG_WARN_CONSTANT_CONVERSION = YES;
				CLANG_WARN_DIRECT_OBJC_ISA_USAGE = YES_ERROR;
				CLANG_WARN_EMPTY_BODY = YES;
				CLANG_WARN_ENUM_CONVERSION = YES;
				CLANG_WARN_INT_CONVERSION = YES;
				CLANG_WARN_OBJC_ROOT_CLASS = YES_ERROR;
				CLANG_WARN__DUPLICATE_METHOD_MATCH = YES;
				"CODE_SIGN_IDENTITY[sdk=iphoneos*]" = "iPhone Developer";
				COPY_PHASE_STRIP = YES;
				ENABLE_NS_ASSERTIONS = NO;
				GCC_C_LANGUAGE_STANDARD = gnu99;
				GCC_WARN_64_TO_32_BIT_CONVERSION = YES;
				GCC_WARN_ABOUT_RETURN_TYPE = YES_ERROR;
				GCC_WARN_UNDECLARED_SELECTOR = YES;
				GCC_WARN_UNINITIALIZED_AUTOS = YES;
				GCC_WARN_UNUSED_FUNCTION = YES;
				GCC_WARN_UNUSED_VARIABLE = YES;
				IPHONEOS_DEPLOYMENT_TARGET = 7.0;
				SDKROOT = iphoneos;
				TARGETED_DEVICE_FAMILY = "1,2";
				VALIDATE_PRODUCT = YES;
			};
			name = Release;
		};
		FF93648518B9F72D00ED7F77 /* Debug */ = {
			isa = XCBuildConfiguration;
			baseConfigurationReference = 0AF9A99CCB3949F6B811D49F /* Pods.xcconfig */;
			buildSettings = {
				ASSETCATALOG_COMPILER_APPICON_NAME = AppIcon;
				ASSETCATALOG_COMPILER_LAUNCHIMAGE_NAME = LaunchImage;
				GCC_PRECOMPILE_PREFIX_HEADER = YES;
				GCC_PREFIX_HEADER = "FJBBlurView/FJBBlurView-Prefix.pch";
				INFOPLIST_FILE = "FJBBlurView/FJBBlurView-Info.plist";
				PRODUCT_NAME = "$(TARGET_NAME)";
				WRAPPER_EXTENSION = app;
			};
			name = Debug;
		};
		FF93648618B9F72D00ED7F77 /* Release */ = {
			isa = XCBuildConfiguration;
			baseConfigurationReference = 0AF9A99CCB3949F6B811D49F /* Pods.xcconfig */;
			buildSettings = {
				ASSETCATALOG_COMPILER_APPICON_NAME = AppIcon;
				ASSETCATALOG_COMPILER_LAUNCHIMAGE_NAME = LaunchImage;
				GCC_PRECOMPILE_PREFIX_HEADER = YES;
				GCC_PREFIX_HEADER = "FJBBlurView/FJBBlurView-Prefix.pch";
				INFOPLIST_FILE = "FJBBlurView/FJBBlurView-Info.plist";
				PRODUCT_NAME = "$(TARGET_NAME)";
				WRAPPER_EXTENSION = app;
			};
			name = Release;
		};
		FF93648818B9F72D00ED7F77 /* Debug */ = {
			isa = XCBuildConfiguration;
			buildSettings = {
				ARCHS = "$(ARCHS_STANDARD_INCLUDING_64_BIT)";
				BUNDLE_LOADER = "$(BUILT_PRODUCTS_DIR)/FJBBlurView.app/FJBBlurView";
				FRAMEWORK_SEARCH_PATHS = (
					"$(SDKROOT)/Developer/Library/Frameworks",
					"$(inherited)",
					"$(DEVELOPER_FRAMEWORKS_DIR)",
				);
				GCC_PRECOMPILE_PREFIX_HEADER = YES;
				GCC_PREFIX_HEADER = "FJBBlurView/FJBBlurView-Prefix.pch";
				GCC_PREPROCESSOR_DEFINITIONS = (
					"DEBUG=1",
					"$(inherited)",
				);
				INFOPLIST_FILE = "FJBBlurViewTests/FJBBlurViewTests-Info.plist";
				PRODUCT_NAME = "$(TARGET_NAME)";
				TEST_HOST = "$(BUNDLE_LOADER)";
				WRAPPER_EXTENSION = xctest;
			};
			name = Debug;
		};
		FF93648918B9F72D00ED7F77 /* Release */ = {
			isa = XCBuildConfiguration;
			buildSettings = {
				ARCHS = "$(ARCHS_STANDARD_INCLUDING_64_BIT)";
				BUNDLE_LOADER = "$(BUILT_PRODUCTS_DIR)/FJBBlurView.app/FJBBlurView";
				FRAMEWORK_SEARCH_PATHS = (
					"$(SDKROOT)/Developer/Library/Frameworks",
					"$(inherited)",
					"$(DEVELOPER_FRAMEWORKS_DIR)",
				);
				GCC_PRECOMPILE_PREFIX_HEADER = YES;
				GCC_PREFIX_HEADER = "FJBBlurView/FJBBlurView-Prefix.pch";
				INFOPLIST_FILE = "FJBBlurViewTests/FJBBlurViewTests-Info.plist";
				PRODUCT_NAME = "$(TARGET_NAME)";
				TEST_HOST = "$(BUNDLE_LOADER)";
				WRAPPER_EXTENSION = xctest;
			};
			name = Release;
		};
/* End XCBuildConfiguration section */

/* Begin XCConfigurationList section */
		FF93645318B9F72C00ED7F77 /* Build configuration list for PBXProject "FJBBlurView" */ = {
			isa = XCConfigurationList;
			buildConfigurations = (
				FF93648218B9F72D00ED7F77 /* Debug */,
				FF93648318B9F72D00ED7F77 /* Release */,
			);
			defaultConfigurationIsVisible = 0;
			defaultConfigurationName = Release;
		};
		FF93648418B9F72D00ED7F77 /* Build configuration list for PBXNativeTarget "FJBBlurView" */ = {
			isa = XCConfigurationList;
			buildConfigurations = (
				FF93648518B9F72D00ED7F77 /* Debug */,
				FF93648618B9F72D00ED7F77 /* Release */,
			);
			defaultConfigurationIsVisible = 0;
			defaultConfigurationName = Release;
		};
		FF93648718B9F72D00ED7F77 /* Build configuration list for PBXNativeTarget "FJBBlurViewTests" */ = {
			isa = XCConfigurationList;
			buildConfigurations = (
				FF93648818B9F72D00ED7F77 /* Debug */,
				FF93648918B9F72D00ED7F77 /* Release */,
			);
			defaultConfigurationIsVisible = 0;
			defaultConfigurationName = Release;
		};
/* End XCConfigurationList section */
	};
	rootObject = FF93645018B9F72C00ED7F77 /* Project object */;
}
